# THIS IS AN AUTOGENERATED FILE. DO NOT EDIT THIS FILE DIRECTLY.
# yarn lockfile v1


"@cspell/dict-win32@2.0.1":
  version "2.0.1"
  resolved "https://registry.yarnpkg.com/@cspell/dict-win32/-/dict-win32-2.0.1.tgz#97decf3cc680a93dfa9f8ae436325bd2392c9c29"
  integrity sha512-ac2IuhqGhXyFSJ7kMMldgdEjDnMDohIi2lDOjt06SkDwIazXGmqYt54A52FRZRUN7OCmKEzV93RRJ/WSFXS3bw==
